{
  "lockfileVersion": 1,
  "dependencies": {
    "bootstrap": {
      "version": "3.3.7",
      "resolved": "https://registry.npmjs.org/bootstrap/-/bootstrap-3.3.7.tgz",
      "integrity": "sha1-WjiTlFSfIzMIdaOxUGVldPip63E="
    },
    "bootstrap-material-design": {
      "version": "0.5.10",
      "resolved": "https://registry.npmjs.org/bootstrap-material-design/-/bootstrap-material-design-0.5.10.tgz",
      "integrity": "sha1-s2sANbUoqCHBdYaVsl0l4l4SE3I="
    },
    "jquery": {
      "version": "3.2.1",
      "resolved": "https://registry.npmjs.org/jquery/-/jquery-3.2.1.tgz",
      "integrity": "sha1-XE2d5lKvbNCncBVKYxu6ErAVx4c="
    }
  }
}
